// !$*UTF8*$!
{
	archiveVersion = 1;
	classes = {
	};
	objectVersion = 55;
	objects = {

/* Begin PBXBuildFile section */
		814836F3279094B9009C041F /* gamepad_assistanApp.swift in Sources */ = {isa = PBXBuildFile; fileRef = 814836F2279094B9009C041F /* gamepad_assistanApp.swift */; };
		814836F5279094B9009C041F /* JoystickView.swift in Sources */ = {isa = PBXBuildFile; fileRef = 814836F4279094B9009C041F /* JoystickView.swift */; };
		814836F7279094BA009C041F /* Assets.xcassets in Resources */ = {isa = PBXBuildFile; fileRef = 814836F6279094BA009C041F /* Assets.xcassets */; };
		814836FA279094BA009C041F /* Preview Assets.xcassets in Resources */ = {isa = PBXBuildFile; fileRef = 814836F9279094BA009C041F /* Preview Assets.xcassets */; };
		819A08DC2790AEE00044DC97 /* ButtonRow.swift in Sources */ = {isa = PBXBuildFile; fileRef = 819A08DB2790AEE00044DC97 /* ButtonRow.swift */; };
		819A08DE2790AF1C0044DC97 /* Pressbutton.swift in Sources */ = {isa = PBXBuildFile; fileRef = 819A08DD2790AF1C0044DC97 /* Pressbutton.swift */; };
		819A08E12790AFCB0044DC97 /* ButtonsData.swift in Sources */ = {isa = PBXBuildFile; fileRef = 819A08E02790AFCB0044DC97 /* ButtonsData.swift */; };
		819A08E42790BBCC0044DC97 /* JoystickListViewModel.swift in Sources */ = {isa = PBXBuildFile; fileRef = 819A08E32790BBCC0044DC97 /* JoystickListViewModel.swift */; };
/* End PBXBuildFile section */

/* Begin PBXFileReference section */
		814836EF279094B9009C041F /* gamepad assistan.app */ = {isa = PBXFileReference; explicitFileType = wrapper.application; includeInIndex = 0; path = "gamepad assistan.app"; sourceTree = BUILT_PRODUCTS_DIR; };
		814836F2279094B9009C041F /* gamepad_assistanApp.swift */ = {isa = PBXFileReference; lastKnownFileType = sourcecode.swift; path = gamepad_assistanApp.swift; sourceTree = "<group>"; };
		814836F4279094B9009C041F /* JoystickView.swift */ = {isa = PBXFileReference; lastKnownFileType = sourcecode.swift; path = JoystickView.swift; sourceTree = "<group>"; };
		814836F6279094BA009C041F /* Assets.xcassets */ = {isa = PBXFileReference; lastKnownFileType = folder.assetcatalog; path = Assets.xcassets; sourceTree = "<group>"; };
		814836F9279094BA009C041F /* Preview Assets.xcassets */ = {isa = PBXFileReference; lastKnownFileType = folder.assetcatalog; path = "Preview Assets.xcassets"; sourceTree = "<group>"; };
		819A08DB2790AEE00044DC97 /* ButtonRow.swift */ = {isa = PBXFileReference; lastKnownFileType = sourcecode.swift; path = ButtonRow.swift; sourceTree = "<group>"; };
		819A08DD2790AF1C0044DC97 /* Pressbutton.swift */ = {isa = PBXFileReference; lastKnownFileType = sourcecode.swift; path = Pressbutton.swift; sourceTree = "<group>"; };
		819A08E02790AFCB0044DC97 /* ButtonsData.swift */ = {isa = PBXFileReference; lastKnownFileType = sourcecode.swift; path = ButtonsData.swift; sourceTree = "<group>"; };
		819A08E32790BBCC0044DC97 /* JoystickListViewModel.swift */ = {isa = PBXFileReference; lastKnownFileType = sourcecode.swift; path = JoystickListViewModel.swift; sourceTree = "<group>"; };
/* End PBXFileReference section */

/* Begin PBXFrameworksBuildPhase section */
		814836EC279094B9009C041F /* Frameworks */ = {
			isa = PBXFrameworksBuildPhase;
			buildActionMask = 2147483647;
			files = (
			);
			runOnlyForDeploymentPostprocessing = 0;
		};
/* End PBXFrameworksBuildPhase section */

/* Begin PBXGroup section */
		814836E6279094B9009C041F = {
			isa = PBXGroup;
			children = (
				814836F1279094B9009C041F /* gamepad assistan */,
				814836F0279094B9009C041F /* Products */,
			);
			sourceTree = "<group>";
		};
		814836F0279094B9009C041F /* Products */ = {
			isa = PBXGroup;
			children = (
				814836EF279094B9009C041F /* gamepad assistan.app */,
			);
			name = Products;
			sourceTree = "<group>";
		};
		814836F1279094B9009C041F /* gamepad assistan */ = {
			isa = PBXGroup;
			children = (
				819A08DF2790AFB80044DC97 /* Data */,
				819A08DA2790AAE20044DC97 /* View */,
				819A08D82790AACB0044DC97 /* Model */,
				819A08D92790AAD40044DC97 /* View Model */,
				814836F2279094B9009C041F /* gamepad_assistanApp.swift */,
				814836F6279094BA009C041F /* Assets.xcassets */,
				814836F8279094BA009C041F /* Preview Content */,
			);
			path = "gamepad assistan";
			sourceTree = "<group>";
		};
		814836F8279094BA009C041F /* Preview Content */ = {
			isa = PBXGroup;
			children = (
				814836F9279094BA009C041F /* Preview Assets.xcassets */,
			);
			path = "Preview Content";
			sourceTree = "<group>";
		};
		819A08D82790AACB0044DC97 /* Model */ = {
			isa = PBXGroup;
			children = (
				819A08DD2790AF1C0044DC97 /* Pressbutton.swift */,
			);
			path = Model;
			sourceTree = "<group>";
		};
		819A08D92790AAD40044DC97 /* View Model */ = {
			isa = PBXGroup;
			children = (
				819A08E32790BBCC0044DC97 /* JoystickListViewModel.swift */,
			);
			path = "View Model";
			sourceTree = "<group>";
		};
		819A08DA2790AAE20044DC97 /* View */ = {
			isa = PBXGroup;
			children = (
				814836F4279094B9009C041F /* JoystickView.swift */,
				819A08E22790BBAD0044DC97 /* Joystick */,
			);
			path = View;
			sourceTree = "<group>";
		};
		819A08DF2790AFB80044DC97 /* Data */ = {
			isa = PBXGroup;
			children = (
				819A08E02790AFCB0044DC97 /* ButtonsData.swift */,
			);
			path = Data;
			sourceTree = "<group>";
		};
		819A08E22790BBAD0044DC97 /* Joystick */ = {
			isa = PBXGroup;
			children = (
				819A08DB2790AEE00044DC97 /* ButtonRow.swift */,
			);
			path = Joystick;
			sourceTree = "<group>";
		};
/* End PBXGroup section */

/* Begin PBXNativeTarget section */
		814836EE279094B9009C041F /* gamepad assistan */ = {
			isa = PBXNativeTarget;
			buildConfigurationList = 814836FD279094BA009C041F /* Build configuration list for PBXNativeTarget "gamepad assistan" */;
			buildPhases = (
				814836EB279094B9009C041F /* Sources */,
				814836EC279094B9009C041F /* Frameworks */,
				814836ED279094B9009C041F /* Resources */,
			);
			buildRules = (
			);
			dependencies = (
			);
			name = "gamepad assistan";
			productName = "gamepad assistan";
			productReference = 814836EF279094B9009C041F /* gamepad assistan.app */;
			productType = "com.apple.product-type.application";
		};
/* End PBXNativeTarget section */

/* Begin PBXProject section */
		814836E7279094B9009C041F /* Project object */ = {
			isa = PBXProject;
			attributes = {
				BuildIndependentTargetsInParallel = 1;
				LastSwiftUpdateCheck = 1310;
				LastUpgradeCheck = 1310;
				TargetAttributes = {
					814836EE279094B9009C041F = {
						CreatedOnToolsVersion = 13.1;
					};
				};
			};
			buildConfigurationList = 814836EA279094B9009C041F /* Build configuration list for PBXProject "gamepad assistan" */;
			compatibilityVersion = "Xcode 13.0";
			developmentRegion = en;
			hasScannedForEncodings = 0;
			knownRegions = (
				en,
				Base,
			);
			mainGroup = 814836E6279094B9009C041F;
			productRefGroup = 814836F0279094B9009C041F /* Products */;
			projectDirPath = "";
			projectRoot = "";
			targets = (
				814836EE279094B9009C041F /* gamepad assistan */,
			);
		};
/* End PBXProject section */

/* Begin PBXResourcesBuildPhase section */
		814836ED279094B9009C041F /* Resources */ = {
			isa = PBXResourcesBuildPhase;
			buildActionMask = 2147483647;
			files = (
				814836FA279094BA009C041F /* Preview Assets.xcassets in Resources */,
				814836F7279094BA009C041F /* Assets.xcassets in Resources */,
			);
			runOnlyForDeploymentPostprocessing = 0;
		};
/* End PBXResourcesBuildPhase section */

/* Begin PBXSourcesBuildPhase section */
		814836EB279094B9009C041F /* Sources */ = {
			isa = PBXSourcesBuildPhase;
			buildActionMask = 2147483647;
			files = (
				819A08E42790BBCC0044DC97 /* JoystickListViewModel.swift in Sources */,
				819A08E12790AFCB0044DC97 /* ButtonsData.swift in Sources */,
				814836F5279094B9009C041F /* JoystickView.swift in Sources */,
				819A08DE2790AF1C0044DC97 /* Pressbutton.swift in Sources */,
				819A08DC2790AEE00044DC97 /* ButtonRow.swift in Sources */,
				814836F3279094B9009C041F /* gamepad_assistanApp.swift in Sources */,
			);
			runOnlyForDeploymentPostprocessing = 0;
		};
/* End PBXSourcesBuildPhase section */

/* Begin XCBuildConfiguration section */
		814836FB279094BA009C041F /* Debug */ = {
			isa = XCBuildConfiguration;
			buildSettings = {
				ALWAYS_SEARCH_USER_PATHS = NO;
				CLANG_ANALYZER_NONNULL = YES;
				CLANG_ANALYZER_NUMBER_OBJECT_CONVERSION = YES_AGGRESSIVE;
				CLANG_CXX_LANGUAGE_STANDARD = "gnu++17";
				CLANG_CXX_LIBRARY = "libc++";
				CLANG_ENABLE_MODULES = YES;
				CLANG_ENABLE_OBJC_ARC = YES;
				CLANG_ENABLE_OBJC_WEAK = YES;
				CLANG_WARN_BLOCK_CAPTURE_AUTORELEASING = YES;
				CLANG_WARN_BOOL_CONVERSION = YES;
				CLANG_WARN_COMMA = YES;
				CLANG_WARN_CONSTANT_CONVERSION = YES;
				CLANG_WARN_DEPRECATED_OBJC_IMPLEMENTATIONS = YES;
				CLANG_WARN_DIRECT_OBJC_ISA_USAGE = YES_ERROR;
				CLANG_WARN_DOCUMENTATION_COMMENTS = YES;
				CLANG_WARN_EMPTY_BODY = YES;
				CLANG_WARN_ENUM_CONVERSION = YES;
				CLANG_WARN_INFINITE_RECURSION = YES;
				CLANG_WARN_INT_CONVERSION = YES;
				CLANG_WARN_NON_LITERAL_NULL_CONVERSION = YES;
				CLANG_WARN_OBJC_IMPLICIT_RETAIN_SELF = YES;
				CLANG_WARN_OBJC_LITERAL_CONVERSION = YES;
				CLANG_WARN_OBJC_ROOT_CLASS = YES_ERROR;
				CLANG_WARN_QUOTED_INCLUDE_IN_FRAMEWORK_HEADER = YES;
				CLANG_WARN_RANGE_LOOP_ANALYSIS = YES;
				CLANG_WARN_STRICT_PROTOTYPES = YES;
				CLANG_WARN_SUSPICIOUS_MOVE = YES;
				CLANG_WARN_UNGUARDED_AVAILABILITY = YES_AGGRESSIVE;
				CLANG_WARN_UNREACHABLE_CODE = YES;
				CLANG_WARN__DUPLICATE_METHOD_MATCH = YES;
				COPY_PHASE_STRIP = NO;
				DEBUG_INFORMATION_FORMAT = dwarf;
				ENABLE_STRICT_OBJC_MSGSEND = YES;
				ENABLE_TESTABILITY = YES;
				GCC_C_LANGUAGE_STANDARD = gnu11;
				GCC_DYNAMIC_NO_PIC = NO;
				GCC_NO_COMMON_BLOCKS = YES;
				GCC_OPTIMIZATION_LEVEL = 0;
				GCC_PREPROCESSOR_DEFINITIONS = (
					"DEBUG=1",
					"$(inherited)",
				);
				GCC_WARN_64_TO_32_BIT_CONVERSION = YES;
				GCC_WARN_ABOUT_RETURN_TYPE = YES_ERROR;
				GCC_WARN_UNDECLARED_SELECTOR = YES;
				GCC_WARN_UNINITIALIZED_AUTOS = YES_AGGRESSIVE;
				GCC_WARN_UNUSED_FUNCTION = YES;
				GCC_WARN_UNUSED_VARIABLE = YES;
				IPHONEOS_DEPLOYMENT_TARGET = 15.0;
				MTL_ENABLE_DEBUG_INFO = INCLUDE_SOURCE;
				MTL_FAST_MATH = YES;
				ONLY_ACTIVE_ARCH = YES;
				SDKROOT = iphoneos;
				SWIFT_ACTIVE_COMPILATION_CONDITIONS = DEBUG;
				SWIFT_OPTIMIZATION_LEVEL = "-Onone";
			};
			name = Debug;
		};
		814836FC279094BA009C041F /* Release */ = {
			isa = XCBuildConfiguration;
			buildSettings = {
				ALWAYS_SEARCH_USER_PATHS = NO;
				CLANG_ANALYZER_NONNULL = YES;
				CLANG_ANALYZER_NUMBER_OBJECT_CONVERSION = YES_AGGRESSIVE;
				CLANG_CXX_LANGUAGE_STANDARD = "gnu++17";
				CLANG_CXX_LIBRARY = "libc++";
				CLANG_ENABLE_MODULES = YES;
				CLANG_ENABLE_OBJC_ARC = YES;
				CLANG_ENABLE_OBJC_WEAK = YES;
				CLANG_WARN_BLOCK_CAPTURE_AUTORELEASING = YES;
				CLANG_WARN_BOOL_CONVERSION = YES;
				CLANG_WARN_COMMA = YES;
				CLANG_WARN_CONSTANT_CONVERSION = YES;
				CLANG_WARN_DEPRECATED_OBJC_IMPLEMENTATIONS = YES;
				CLANG_WARN_DIRECT_OBJC_ISA_USAGE = YES_ERROR;
				CLANG_WARN_DOCUMENTATION_COMMENTS = YES;
				CLANG_WARN_EMPTY_BODY = YES;
				CLANG_WARN_ENUM_CONVERSION = YES;
				CLANG_WARN_INFINITE_RECURSION = YES;
				CLANG_WARN_INT_CONVERSION = YES;
				CLANG_WARN_NON_LITERAL_NULL_CONVERSION = YES;
				CLANG_WARN_OBJC_IMPLICIT_RETAIN_SELF = YES;
				CLANG_WARN_OBJC_LITERAL_CONVERSION = YES;
				CLANG_WARN_OBJC_ROOT_CLASS = YES_ERROR;
				CLANG_WARN_QUOTED_INCLUDE_IN_FRAMEWORK_HEADER = YES;
				CLANG_WARN_RANGE_LOOP_ANALYSIS = YES;
				CLANG_WARN_STRICT_PROTOTYPES = YES;
				CLANG_WARN_SUSPICIOUS_MOVE = YES;
				CLANG_WARN_UNGUARDED_AVAILABILITY = YES_AGGRESSIVE;
				CLANG_WARN_UNREACHABLE_CODE = YES;
				CLANG_WARN__DUPLICATE_METHOD_MATCH = YES;
				COPY_PHASE_STRIP = NO;
				DEBUG_INFORMATION_FORMAT = "dwarf-with-dsym";
				ENABLE_NS_ASSERTIONS = NO;
				ENABLE_STRICT_OBJC_MSGSEND = YES;
				GCC_C_LANGUAGE_STANDARD = gnu11;
				GCC_NO_COMMON_BLOCKS = YES;
				GCC_WARN_64_TO_32_BIT_CONVERSION = YES;
				GCC_WARN_ABOUT_RETURN_TYPE = YES_ERROR;
				GCC_WARN_UNDECLARED_SELECTOR = YES;
				GCC_WARN_UNINITIALIZED_AUTOS = YES_AGGRESSIVE;
				GCC_WARN_UNUSED_FUNCTION = YES;
				GCC_WARN_UNUSED_VARIABLE = YES;
				IPHONEOS_DEPLOYMENT_TARGET = 15.0;
				MTL_ENABLE_DEBUG_INFO = NO;
				MTL_FAST_MATH = YES;
				SDKROOT = iphoneos;
				SWIFT_COMPILATION_MODE = wholemodule;
				SWIFT_OPTIMIZATION_LEVEL = "-O";
				VALIDATE_PRODUCT = YES;
			};
			name = Release;
		};
		814836FE279094BA009C041F /* Debug */ = {
			isa = XCBuildConfiguration;
			buildSettings = {
				ASSETCATALOG_COMPILER_APPICON_NAME = AppIcon;
				ASSETCATALOG_COMPILER_GLOBAL_ACCENT_COLOR_NAME = AccentColor;
				CODE_SIGN_STYLE = Automatic;
				CURRENT_PROJECT_VERSION = 1;
				DEVELOPMENT_ASSET_PATHS = "\"gamepad assistan/Preview Content\"";
				DEVELOPMENT_TEAM = U98ALN3QRJ;
				ENABLE_PREVIEWS = YES;
				GENERATE_INFOPLIST_FILE = YES;
				INFOPLIST_KEY_UIApplicationSceneManifest_Generation = YES;
				INFOPLIST_KEY_UIApplicationSupportsIndirectInputEvents = YES;
				INFOPLIST_KEY_UILaunchScreen_Generation = YES;
				INFOPLIST_KEY_UISupportedInterfaceOrientations_iPad = "UIInterfaceOrientationPortrait UIInterfaceOrientationPortraitUpsideDown UIInterfaceOrientationLandscapeLeft UIInterfaceOrientationLandscapeRight";
				INFOPLIST_KEY_UISupportedInterfaceOrientations_iPhone = "UIInterfaceOrientationPortrait UIInterfaceOrientationLandscapeLeft UIInterfaceOrientationLandscapeRight";
				LD_RUNPATH_SEARCH_PATHS = (
					"$(inherited)",
					"@executable_path/Frameworks",
				);
				MARKETING_VERSION = 1.0;
				PRODUCT_BUNDLE_IDENTIFIER = "ru.adelbergis.gamepad-assistan";
				PRODUCT_NAME = "$(TARGET_NAME)";
				SWIFT_EMIT_LOC_STRINGS = YES;
				SWIFT_VERSION = 5.0;
				TARGETED_DEVICE_FAMILY = "1,2";
			};
			name = Debug;
		};
		814836FF279094BA009C041F /* Release */ = {
			isa = XCBuildConfiguration;
			buildSettings = {
				ASSETCATALOG_COMPILER_APPICON_NAME = AppIcon;
				ASSETCATALOG_COMPILER_GLOBAL_ACCENT_COLOR_NAME = AccentColor;
				CODE_SIGN_STYLE = Automatic;
				CURRENT_PROJECT_VERSION = 1;
				DEVELOPMENT_ASSET_PATHS = "\"gamepad assistan/Preview Content\"";
				DEVELOPMENT_TEAM = U98ALN3QRJ;
				ENABLE_PREVIEWS = YES;
				GENERATE_INFOPLIST_FILE = YES;
				INFOPLIST_KEY_UIApplicationSceneManifest_Generation = YES;
				INFOPLIST_KEY_UIApplicationSupportsIndirectInputEvents = YES;
				INFOPLIST_KEY_UILaunchScreen_Generation = YES;
				INFOPLIST_KEY_UISupportedInterfaceOrientations_iPad = "UIInterfaceOrientationPortrait UIInterfaceOrientationPortraitUpsideDown UIInterfaceOrientationLandscapeLeft UIInterfaceOrientationLandscapeRight";
				INFOPLIST_KEY_UISupportedInterfaceOrientations_iPhone = "UIInterfaceOrientationPortrait UIInterfaceOrientationLandscapeLeft UIInterfaceOrientationLandscapeRight";
				LD_RUNPATH_SEARCH_PATHS = (
					"$(inherited)",
					"@executable_path/Frameworks",
				);
				MARKETING_VERSION = 1.0;
				PRODUCT_BUNDLE_IDENTIFIER = "ru.adelbergis.gamepad-assistan";
				PRODUCT_NAME = "$(TARGET_NAME)";
				SWIFT_EMIT_LOC_STRINGS = YES;
				SWIFT_VERSION = 5.0;
				TARGETED_DEVICE_FAMILY = "1,2";
			};
			name = Release;
		};
/* End XCBuildConfiguration section */

/* Begin XCConfigurationList section */
		814836EA279094B9009C041F /* Build configuration list for PBXProject "gamepad assistan" */ = {
			isa = XCConfigurationList;
			buildConfigurations = (
				814836FB279094BA009C041F /* Debug */,
				814836FC279094BA009C041F /* Release */,
			);
			defaultConfigurationIsVisible = 0;
			defaultConfigurationName = Release;
		};
		814836FD279094BA009C041F /* Build configuration list for PBXNativeTarget "gamepad assistan" */ = {
			isa = XCConfigurationList;
			buildConfigurations = (
				814836FE279094BA009C041F /* Debug */,
				814836FF279094BA009C041F /* Release */,
			);
			defaultConfigurationIsVisible = 0;
			defaultConfigurationName = Release;
		};
/* End XCConfigurationList section */
	};
	rootObject = 814836E7279094B9009C041F /* Project object */;
}
